// !$*UTF8*$!
{
	archiveVersion = 1;
	classes = {
	};
	objectVersion = 46;
	objects = {

/* Begin PBXBuildFile section */
		856E334C212DB4EA007448A3 /* AppDelegate.swift in Sources */ = {isa = PBXBuildFile; fileRef = 856E334B212DB4EA007448A3 /* AppDelegate.swift */; };
		856E334E212DB4EA007448A3 /* ViewController.swift in Sources */ = {isa = PBXBuildFile; fileRef = 856E334D212DB4EA007448A3 /* ViewController.swift */; };
		856E3351212DB4EA007448A3 /* Main.storyboard in Resources */ = {isa = PBXBuildFile; fileRef = 856E334F212DB4EA007448A3 /* Main.storyboard */; };
		856E3353212DB4EA007448A3 /* Assets.xcassets in Resources */ = {isa = PBXBuildFile; fileRef = 856E3352212DB4EA007448A3 /* Assets.xcassets */; };
		856E3356212DB4EA007448A3 /* LaunchScreen.storyboard in Resources */ = {isa = PBXBuildFile; fileRef = 856E3354212DB4EA007448A3 /* LaunchScreen.storyboard */; };
		856E3361212DB4EB007448A3 /* imagenesTests.swift in Sources */ = {isa = PBXBuildFile; fileRef = 856E3360212DB4EB007448A3 /* imagenesTests.swift */; };
		856E336C212DB4EB007448A3 /* imagenesUITests.swift in Sources */ = {isa = PBXBuildFile; fileRef = 856E336B212DB4EB007448A3 /* imagenesUITests.swift */; };
/* End PBXBuildFile section */

/* Begin PBXContainerItemProxy section */
		856E335D212DB4EB007448A3 /* PBXContainerItemProxy */ = {
			isa = PBXContainerItemProxy;
			containerPortal = 856E3340212DB4E8007448A3 /* Project object */;
			proxyType = 1;
			remoteGlobalIDString = 856E3347212DB4E8007448A3;
			remoteInfo = imagenes;
		};
		856E3368212DB4EB007448A3 /* PBXContainerItemProxy */ = {
			isa = PBXContainerItemProxy;
			containerPortal = 856E3340212DB4E8007448A3 /* Project object */;
			proxyType = 1;
			remoteGlobalIDString = 856E3347212DB4E8007448A3;
			remoteInfo = imagenes;
		};
/* End PBXContainerItemProxy section */

/* Begin PBXFileReference section */
		856E3348212DB4EA007448A3 /* imagenes.app */ = {isa = PBXFileReference; explicitFileType = wrapper.application; includeInIndex = 0; path = imagenes.app; sourceTree = BUILT_PRODUCTS_DIR; };
		856E334B212DB4EA007448A3 /* AppDelegate.swift */ = {isa = PBXFileReference; lastKnownFileType = sourcecode.swift; path = AppDelegate.swift; sourceTree = "<group>"; };
		856E334D212DB4EA007448A3 /* ViewController.swift */ = {isa = PBXFileReference; lastKnownFileType = sourcecode.swift; path = ViewController.swift; sourceTree = "<group>"; };
		856E3350212DB4EA007448A3 /* Base */ = {isa = PBXFileReference; lastKnownFileType = file.storyboard; name = Base; path = Base.lproj/Main.storyboard; sourceTree = "<group>"; };
		856E3352212DB4EA007448A3 /* Assets.xcassets */ = {isa = PBXFileReference; lastKnownFileType = folder.assetcatalog; path = Assets.xcassets; sourceTree = "<group>"; };
		856E3355212DB4EA007448A3 /* Base */ = {isa = PBXFileReference; lastKnownFileType = file.storyboard; name = Base; path = Base.lproj/LaunchScreen.storyboard; sourceTree = "<group>"; };
		856E3357212DB4EA007448A3 /* Info.plist */ = {isa = PBXFileReference; lastKnownFileType = text.plist.xml; path = Info.plist; sourceTree = "<group>"; };
		856E335C212DB4EB007448A3 /* imagenesTests.xctest */ = {isa = PBXFileReference; explicitFileType = wrapper.cfbundle; includeInIndex = 0; path = imagenesTests.xctest; sourceTree = BUILT_PRODUCTS_DIR; };
		856E3360212DB4EB007448A3 /* imagenesTests.swift */ = {isa = PBXFileReference; lastKnownFileType = sourcecode.swift; path = imagenesTests.swift; sourceTree = "<group>"; };
		856E3362212DB4EB007448A3 /* Info.plist */ = {isa = PBXFileReference; lastKnownFileType = text.plist.xml; path = Info.plist; sourceTree = "<group>"; };
		856E3367212DB4EB007448A3 /* imagenesUITests.xctest */ = {isa = PBXFileReference; explicitFileType = wrapper.cfbundle; includeInIndex = 0; path = imagenesUITests.xctest; sourceTree = BUILT_PRODUCTS_DIR; };
		856E336B212DB4EB007448A3 /* imagenesUITests.swift */ = {isa = PBXFileReference; lastKnownFileType = sourcecode.swift; path = imagenesUITests.swift; sourceTree = "<group>"; };
		856E336D212DB4EB007448A3 /* Info.plist */ = {isa = PBXFileReference; lastKnownFileType = text.plist.xml; path = Info.plist; sourceTree = "<group>"; };
/* End PBXFileReference section */

/* Begin PBXFrameworksBuildPhase section */
		856E3345212DB4E8007448A3 /* Frameworks */ = {
			isa = PBXFrameworksBuildPhase;
			buildActionMask = 2147483647;
			files = (
			);
			runOnlyForDeploymentPostprocessing = 0;
		};
		856E3359212DB4EB007448A3 /* Frameworks */ = {
			isa = PBXFrameworksBuildPhase;
			buildActionMask = 2147483647;
			files = (
			);
			runOnlyForDeploymentPostprocessing = 0;
		};
		856E3364212DB4EB007448A3 /* Frameworks */ = {
			isa = PBXFrameworksBuildPhase;
			buildActionMask = 2147483647;
			files = (
			);
			runOnlyForDeploymentPostprocessing = 0;
		};
/* End PBXFrameworksBuildPhase section */

/* Begin PBXGroup section */
		856E333F212DB4E7007448A3 = {
			isa = PBXGroup;
			children = (
				856E334A212DB4EA007448A3 /* imagenes */,
				856E335F212DB4EB007448A3 /* imagenesTests */,
				856E336A212DB4EB007448A3 /* imagenesUITests */,
				856E3349212DB4EA007448A3 /* Products */,
			);
			sourceTree = "<group>";
		};
		856E3349212DB4EA007448A3 /* Products */ = {
			isa = PBXGroup;
			children = (
				856E3348212DB4EA007448A3 /* imagenes.app */,
				856E335C212DB4EB007448A3 /* imagenesTests.xctest */,
				856E3367212DB4EB007448A3 /* imagenesUITests.xctest */,
			);
			name = Products;
			sourceTree = "<group>";
		};
		856E334A212DB4EA007448A3 /* imagenes */ = {
			isa = PBXGroup;
			children = (
				856E334B212DB4EA007448A3 /* AppDelegate.swift */,
				856E334D212DB4EA007448A3 /* ViewController.swift */,
				856E334F212DB4EA007448A3 /* Main.storyboard */,
				856E3352212DB4EA007448A3 /* Assets.xcassets */,
				856E3354212DB4EA007448A3 /* LaunchScreen.storyboard */,
				856E3357212DB4EA007448A3 /* Info.plist */,
			);
			path = imagenes;
			sourceTree = "<group>";
		};
		856E335F212DB4EB007448A3 /* imagenesTests */ = {
			isa = PBXGroup;
			children = (
				856E3360212DB4EB007448A3 /* imagenesTests.swift */,
				856E3362212DB4EB007448A3 /* Info.plist */,
			);
			path = imagenesTests;
			sourceTree = "<group>";
		};
		856E336A212DB4EB007448A3 /* imagenesUITests */ = {
			isa = PBXGroup;
			children = (
				856E336B212DB4EB007448A3 /* imagenesUITests.swift */,
				856E336D212DB4EB007448A3 /* Info.plist */,
			);
			path = imagenesUITests;
			sourceTree = "<group>";
		};
/* End PBXGroup section */

/* Begin PBXNativeTarget section */
		856E3347212DB4E8007448A3 /* imagenes */ = {
			isa = PBXNativeTarget;
			buildConfigurationList = 856E3370212DB4EB007448A3 /* Build configuration list for PBXNativeTarget "imagenes" */;
			buildPhases = (
				856E3344212DB4E8007448A3 /* Sources */,
				856E3345212DB4E8007448A3 /* Frameworks */,
				856E3346212DB4E8007448A3 /* Resources */,
			);
			buildRules = (
			);
			dependencies = (
			);
			name = imagenes;
			productName = imagenes;
			productReference = 856E3348212DB4EA007448A3 /* imagenes.app */;
			productType = "com.apple.product-type.application";
		};
		856E335B212DB4EB007448A3 /* imagenesTests */ = {
			isa = PBXNativeTarget;
			buildConfigurationList = 856E3373212DB4EB007448A3 /* Build configuration list for PBXNativeTarget "imagenesTests" */;
			buildPhases = (
				856E3358212DB4EB007448A3 /* Sources */,
				856E3359212DB4EB007448A3 /* Frameworks */,
				856E335A212DB4EB007448A3 /* Resources */,
			);
			buildRules = (
			);
			dependencies = (
				856E335E212DB4EB007448A3 /* PBXTargetDependency */,
			);
			name = imagenesTests;
			productName = imagenesTests;
			productReference = 856E335C212DB4EB007448A3 /* imagenesTests.xctest */;
			productType = "com.apple.product-type.bundle.unit-test";
		};
		856E3366212DB4EB007448A3 /* imagenesUITests */ = {
			isa = PBXNativeTarget;
			buildConfigurationList = 856E3376212DB4EB007448A3 /* Build configuration list for PBXNativeTarget "imagenesUITests" */;
			buildPhases = (
				856E3363212DB4EB007448A3 /* Sources */,
				856E3364212DB4EB007448A3 /* Frameworks */,
				856E3365212DB4EB007448A3 /* Resources */,
			);
			buildRules = (
			);
			dependencies = (
				856E3369212DB4EB007448A3 /* PBXTargetDependency */,
			);
			name = imagenesUITests;
			productName = imagenesUITests;
			productReference = 856E3367212DB4EB007448A3 /* imagenesUITests.xctest */;
			productType = "com.apple.product-type.bundle.ui-testing";
		};
/* End PBXNativeTarget section */

/* Begin PBXProject section */
		856E3340212DB4E8007448A3 /* Project object */ = {
			isa = PBXProject;
			attributes = {
				LastSwiftUpdateCheck = 0820;
				LastUpgradeCheck = 0820;
				ORGANIZATIONNAME = Maestro;
				TargetAttributes = {
					856E3347212DB4E8007448A3 = {
						CreatedOnToolsVersion = 8.2;
						ProvisioningStyle = Automatic;
					};
					856E335B212DB4EB007448A3 = {
						CreatedOnToolsVersion = 8.2;
						ProvisioningStyle = Automatic;
						TestTargetID = 856E3347212DB4E8007448A3;
					};
					856E3366212DB4EB007448A3 = {
						CreatedOnToolsVersion = 8.2;
						ProvisioningStyle = Automatic;
						TestTargetID = 856E3347212DB4E8007448A3;
					};
				};
			};
			buildConfigurationList = 856E3343212DB4E8007448A3 /* Build configuration list for PBXProject "imagenes" */;
			compatibilityVersion = "Xcode 3.2";
			developmentRegion = English;
			hasScannedForEncodings = 0;
			knownRegions = (
				en,
				Base,
			);
			mainGroup = 856E333F212DB4E7007448A3;
			productRefGroup = 856E3349212DB4EA007448A3 /* Products */;
			projectDirPath = "";
			projectRoot = "";
			targets = (
				856E3347212DB4E8007448A3 /* imagenes */,
				856E335B212DB4EB007448A3 /* imagenesTests */,
				856E3366212DB4EB007448A3 /* imagenesUITests */,
			);
		};
/* End PBXProject section */

/* Begin PBXResourcesBuildPhase section */
		856E3346212DB4E8007448A3 /* Resources */ = {
			isa = PBXResourcesBuildPhase;
			buildActionMask = 2147483647;
			files = (
				856E3356212DB4EA007448A3 /* LaunchScreen.storyboard in Resources */,
				856E3353212DB4EA007448A3 /* Assets.xcassets in Resources */,
				856E3351212DB4EA007448A3 /* Main.storyboard in Resources */,
			);
			runOnlyForDeploymentPostprocessing = 0;
		};
		856E335A212DB4EB007448A3 /* Resources */ = {
			isa = PBXResourcesBuildPhase;
			buildActionMask = 2147483647;
			files = (
			);
			runOnlyForDeploymentPostprocessing = 0;
		};
		856E3365212DB4EB007448A3 /* Resources */ = {
			isa = PBXResourcesBuildPhase;
			buildActionMask = 2147483647;
			files = (
			);
			runOnlyForDeploymentPostprocessing = 0;
		};
/* End PBXResourcesBuildPhase section */

/* Begin PBXSourcesBuildPhase section */
		856E3344212DB4E8007448A3 /* Sources */ = {
			isa = PBXSourcesBuildPhase;
			buildActionMask = 2147483647;
			files = (
				856E334E212DB4EA007448A3 /* ViewController.swift in Sources */,
				856E334C212DB4EA007448A3 /* AppDelegate.swift in Sources */,
			);
			runOnlyForDeploymentPostprocessing = 0;
		};
		856E3358212DB4EB007448A3 /* Sources */ = {
			isa = PBXSourcesBuildPhase;
			buildActionMask = 2147483647;
			files = (
				856E3361212DB4EB007448A3 /* imagenesTests.swift in Sources */,
			);
			runOnlyForDeploymentPostprocessing = 0;
		};
		856E3363212DB4EB007448A3 /* Sources */ = {
			isa = PBXSourcesBuildPhase;
			buildActionMask = 2147483647;
			files = (
				856E336C212DB4EB007448A3 /* imagenesUITests.swift in Sources */,
			);
			runOnlyForDeploymentPostprocessing = 0;
		};
/* End PBXSourcesBuildPhase section */

/* Begin PBXTargetDependency section */
		856E335E212DB4EB007448A3 /* PBXTargetDependency */ = {
			isa = PBXTargetDependency;
			target = 856E3347212DB4E8007448A3 /* imagenes */;
			targetProxy = 856E335D212DB4EB007448A3 /* PBXContainerItemProxy */;
		};
		856E3369212DB4EB007448A3 /* PBXTargetDependency */ = {
			isa = PBXTargetDependency;
			target = 856E3347212DB4E8007448A3 /* imagenes */;
			targetProxy = 856E3368212DB4EB007448A3 /* PBXContainerItemProxy */;
		};
/* End PBXTargetDependency section */

/* Begin PBXVariantGroup section */
		856E334F212DB4EA007448A3 /* Main.storyboard */ = {
			isa = PBXVariantGroup;
			children = (
				856E3350212DB4EA007448A3 /* Base */,
			);
			name = Main.storyboard;
			sourceTree = "<group>";
		};
		856E3354212DB4EA007448A3 /* LaunchScreen.storyboard */ = {
			isa = PBXVariantGroup;
			children = (
				856E3355212DB4EA007448A3 /* Base */,
			);
			name = LaunchScreen.storyboard;
			sourceTree = "<group>";
		};
/* End PBXVariantGroup section */

/* Begin XCBuildConfiguration section */
		856E336E212DB4EB007448A3 /* Debug */ = {
			isa = XCBuildConfiguration;
			buildSettings = {
				ALWAYS_SEARCH_USER_PATHS = NO;
				CLANG_ANALYZER_NONNULL = YES;
				CLANG_CXX_LANGUAGE_STANDARD = "gnu++0x";
				CLANG_CXX_LIBRARY = "libc++";
				CLANG_ENABLE_MODULES = YES;
				CLANG_ENABLE_OBJC_ARC = YES;
				CLANG_WARN_BOOL_CONVERSION = YES;
				CLANG_WARN_CONSTANT_CONVERSION = YES;
				CLANG_WARN_DIRECT_OBJC_ISA_USAGE = YES_ERROR;
				CLANG_WARN_DOCUMENTATION_COMMENTS = YES;
				CLANG_WARN_EMPTY_BODY = YES;
				CLANG_WARN_ENUM_CONVERSION = YES;
				CLANG_WARN_INFINITE_RECURSION = YES;
				CLANG_WARN_INT_CONVERSION = YES;
				CLANG_WARN_OBJC_ROOT_CLASS = YES_ERROR;
				CLANG_WARN_SUSPICIOUS_MOVE = YES;
				CLANG_WARN_UNREACHABLE_CODE = YES;
				CLANG_WARN__DUPLICATE_METHOD_MATCH = YES;
				"CODE_SIGN_IDENTITY[sdk=iphoneos*]" = "iPhone Developer";
				COPY_PHASE_STRIP = NO;
				DEBUG_INFORMATION_FORMAT = dwarf;
				ENABLE_STRICT_OBJC_MSGSEND = YES;
				ENABLE_TESTABILITY = YES;
				GCC_C_LANGUAGE_STANDARD = gnu99;
				GCC_DYNAMIC_NO_PIC = NO;
				GCC_NO_COMMON_BLOCKS = YES;
				GCC_OPTIMIZATION_LEVEL = 0;
				GCC_PREPROCESSOR_DEFINITIONS = (
					"DEBUG=1",
					"$(inherited)",
				);
				GCC_WARN_64_TO_32_BIT_CONVERSION = YES;
				GCC_WARN_ABOUT_RETURN_TYPE = YES_ERROR;
				GCC_WARN_UNDECLARED_SELECTOR = YES;
				GCC_WARN_UNINITIALIZED_AUTOS = YES_AGGRESSIVE;
				GCC_WARN_UNUSED_FUNCTION = YES;
				GCC_WARN_UNUSED_VARIABLE = YES;
				IPHONEOS_DEPLOYMENT_TARGET = 10.2;
				MTL_ENABLE_DEBUG_INFO = YES;
				ONLY_ACTIVE_ARCH = YES;
				SDKROOT = iphoneos;
				SWIFT_ACTIVE_COMPILATION_CONDITIONS = DEBUG;
				SWIFT_OPTIMIZATION_LEVEL = "-Onone";
				TARGETED_DEVICE_FAMILY = "1,2";
			};
			name = Debug;
		};
		856E336F212DB4EB007448A3 /* Release */ = {
			isa = XCBuildConfiguration;
			buildSettings = {
				ALWAYS_SEARCH_USER_PATHS = NO;
				CLANG_ANALYZER_NONNULL = YES;
				CLANG_CXX_LANGUAGE_STANDARD = "gnu++0x";
				CLANG_CXX_LIBRARY = "libc++";
				CLANG_ENABLE_MODULES = YES;
				CLANG_ENABLE_OBJC_ARC = YES;
				CLANG_WARN_BOOL_CONVERSION = YES;
				CLANG_WARN_CONSTANT_CONVERSION = YES;
				CLANG_WARN_DIRECT_OBJC_ISA_USAGE = YES_ERROR;
				CLANG_WARN_DOCUMENTATION_COMMENTS = YES;
				CLANG_WARN_EMPTY_BODY = YES;
				CLANG_WARN_ENUM_CONVERSION = YES;
				CLANG_WARN_INFINITE_RECURSION = YES;
				CLANG_WARN_INT_CONVERSION = YES;
				CLANG_WARN_OBJC_ROOT_CLASS = YES_ERROR;
				CLANG_WARN_SUSPICIOUS_MOVE = YES;
				CLANG_WARN_UNREACHABLE_CODE = YES;
				CLANG_WARN__DUPLICATE_METHOD_MATCH = YES;
				"CODE_SIGN_IDENTITY[sdk=iphoneos*]" = "iPhone Developer";
				COPY_PHASE_STRIP = NO;
				DEBUG_INFORMATION_FORMAT = "dwarf-with-dsym";
				ENABLE_NS_ASSERTIONS = NO;
				ENABLE_STRICT_OBJC_MSGSEND = YES;
				GCC_C_LANGUAGE_STANDARD = gnu99;
				GCC_NO_COMMON_BLOCKS = YES;
				GCC_WARN_64_TO_32_BIT_CONVERSION = YES;
				GCC_WARN_ABOUT_RETURN_TYPE = YES_ERROR;
				GCC_WARN_UNDECLARED_SELECTOR = YES;
				GCC_WARN_UNINITIALIZED_AUTOS = YES_AGGRESSIVE;
				GCC_WARN_UNUSED_FUNCTION = YES;
				GCC_WARN_UNUSED_VARIABLE = YES;
				IPHONEOS_DEPLOYMENT_TARGET = 10.2;
				MTL_ENABLE_DEBUG_INFO = NO;
				SDKROOT = iphoneos;
				SWIFT_OPTIMIZATION_LEVEL = "-Owholemodule";
				TARGETED_DEVICE_FAMILY = "1,2";
				VALIDATE_PRODUCT = YES;
			};
			name = Release;
		};
		856E3371212DB4EB007448A3 /* Debug */ = {
			isa = XCBuildConfiguration;
			buildSettings = {
				ASSETCATALOG_COMPILER_APPICON_NAME = AppIcon;
				INFOPLIST_FILE = imagenes/Info.plist;
				LD_RUNPATH_SEARCH_PATHS = "$(inherited) @executable_path/Frameworks";
				PRODUCT_BUNDLE_IDENTIFIER = com.ulsa.imagenes;
				PRODUCT_NAME = "$(TARGET_NAME)";
				SWIFT_VERSION = 3.0;
			};
			name = Debug;
		};
		856E3372212DB4EB007448A3 /* Release */ = {
			isa = XCBuildConfiguration;
			buildSettings = {
				ASSETCATALOG_COMPILER_APPICON_NAME = AppIcon;
				INFOPLIST_FILE = imagenes/Info.plist;
				LD_RUNPATH_SEARCH_PATHS = "$(inherited) @executable_path/Frameworks";
				PRODUCT_BUNDLE_IDENTIFIER = com.ulsa.imagenes;
				PRODUCT_NAME = "$(TARGET_NAME)";
				SWIFT_VERSION = 3.0;
			};
			name = Release;
		};
		856E3374212DB4EB007448A3 /* Debug */ = {
			isa = XCBuildConfiguration;
			buildSettings = {
				ALWAYS_EMBED_SWIFT_STANDARD_LIBRARIES = YES;
				BUNDLE_LOADER = "$(TEST_HOST)";
				INFOPLIST_FILE = imagenesTests/Info.plist;
				LD_RUNPATH_SEARCH_PATHS = "$(inherited) @executable_path/Frameworks @loader_path/Frameworks";
				PRODUCT_BUNDLE_IDENTIFIER = com.ulsa.imagenesTests;
				PRODUCT_NAME = "$(TARGET_NAME)";
				SWIFT_VERSION = 3.0;
				TEST_HOST = "$(BUILT_PRODUCTS_DIR)/imagenes.app/imagenes";
			};
			name = Debug;
		};
		856E3375212DB4EB007448A3 /* Release */ = {
			isa = XCBuildConfiguration;
			buildSettings = {
				ALWAYS_EMBED_SWIFT_STANDARD_LIBRARIES = YES;
				BUNDLE_LOADER = "$(TEST_HOST)";
				INFOPLIST_FILE = imagenesTests/Info.plist;
				LD_RUNPATH_SEARCH_PATHS = "$(inherited) @executable_path/Frameworks @loader_path/Frameworks";
				PRODUCT_BUNDLE_IDENTIFIER = com.ulsa.imagenesTests;
				PRODUCT_NAME = "$(TARGET_NAME)";
				SWIFT_VERSION = 3.0;
				TEST_HOST = "$(BUILT_PRODUCTS_DIR)/imagenes.app/imagenes";
			};
			name = Release;
		};
		856E3377212DB4EB007448A3 /* Debug */ = {
			isa = XCBuildConfiguration;
			buildSettings = {
				ALWAYS_EMBED_SWIFT_STANDARD_LIBRARIES = YES;
				INFOPLIST_FILE = imagenesUITests/Info.plist;
				LD_RUNPATH_SEARCH_PATHS = "$(inherited) @executable_path/Frameworks @loader_path/Frameworks";
				PRODUCT_BUNDLE_IDENTIFIER = com.ulsa.imagenesUITests;
				PRODUCT_NAME = "$(TARGET_NAME)";
				SWIFT_VERSION = 3.0;
				TEST_TARGET_NAME = imagenes;
			};
			name = Debug;
		};
		856E3378212DB4EB007448A3 /* Release */ = {
			isa = XCBuildConfiguration;
			buildSettings = {
				ALWAYS_EMBED_SWIFT_STANDARD_LIBRARIES = YES;
				INFOPLIST_FILE = imagenesUITests/Info.plist;
				LD_RUNPATH_SEARCH_PATHS = "$(inherited) @executable_path/Frameworks @loader_path/Frameworks";
				PRODUCT_BUNDLE_IDENTIFIER = com.ulsa.imagenesUITests;
				PRODUCT_NAME = "$(TARGET_NAME)";
				SWIFT_VERSION = 3.0;
				TEST_TARGET_NAME = imagenes;
			};
			name = Release;
		};
/* End XCBuildConfiguration section */

/* Begin XCConfigurationList section */
		856E3343212DB4E8007448A3 /* Build configuration list for PBXProject "imagenes" */ = {
			isa = XCConfigurationList;
			buildConfigurations = (
				856E336E212DB4EB007448A3 /* Debug */,
				856E336F212DB4EB007448A3 /* Release */,
			);
			defaultConfigurationIsVisible = 0;
			defaultConfigurationName = Release;
		};
		856E3370212DB4EB007448A3 /* Build configuration list for PBXNativeTarget "imagenes" */ = {
			isa = XCConfigurationList;
			buildConfigurations = (
				856E3371212DB4EB007448A3 /* Debug */,
				856E3372212DB4EB007448A3 /* Release */,
			);
			defaultConfigurationIsVisible = 0;
		};
		856E3373212DB4EB007448A3 /* Build configuration list for PBXNativeTarget "imagenesTests" */ = {
			isa = XCConfigurationList;
			buildConfigurations = (
				856E3374212DB4EB007448A3 /* Debug */,
				856E3375212DB4EB007448A3 /* Release */,
			);
			defaultConfigurationIsVisible = 0;
		};
		856E3376212DB4EB007448A3 /* Build configuration list for PBXNativeTarget "imagenesUITests" */ = {
			isa = XCConfigurationList;
			buildConfigurations = (
				856E3377212DB4EB007448A3 /* Debug */,
				856E3378212DB4EB007448A3 /* Release */,
			);
			defaultConfigurationIsVisible = 0;
		};
/* End XCConfigurationList section */
	};
	rootObject = 856E3340212DB4E8007448A3 /* Project object */;
}
